
Microsoft Visual Studio Solution File, Format Version 12.00
# Visual Studio Version 17
VisualStudioVersion = 17.13.35825.156 d17.13
MinimumVisualStudioVersion = 10.0.40219.1
Project("{FAE04EC0-301F-11D3-BF4B-00C04F79EFBC}") = "PublicTransportSystem", "PublicTransportSystem\PublicTransportSystem.csproj", "{D634D40F-4036-46DB-9D43-5E14CC39A24C}"
EndProject
Global
	GlobalSection(SolutionConfigurationPlatforms) = preSolution
		Debug|Any CPU = Debug|Any CPU
		Release|Any CPU = Release|Any CPU
	EndGlobalSection
	GlobalSection(ProjectConfigurationPlatforms) = postSolution
		{D634D40F-4036-46DB-9D43-5E14CC39A24C}.Debug|Any CPU.ActiveCfg = Debug|Any CPU
		{D634D40F-4036-46DB-9D43-5E14CC39A24C}.Debug|Any CPU.Build.0 = Debug|Any CPU
		{D634D40F-4036-46DB-9D43-5E14CC39A24C}.Release|Any CPU.ActiveCfg = Release|Any CPU
		{D634D40F-4036-46DB-9D43-5E14CC39A24C}.Release|Any CPU.Build.0 = Release|Any CPU
	EndGlobalSection
	GlobalSection(SolutionProperties) = preSolution
		HideSolutionNode = FALSE
	EndGlobalSection
	GlobalSection(ExtensibilityGlobals) = postSolution
		SolutionGuid = {FA22E3FB-3C26-4A30-A579-CDE4DE924CAC}
	EndGlobalSection
EndGlobal
